
Microsoft Visual Studio Solution File, Format Version 12.00
# Visual Studio 15
VisualStudioVersion = 15.0.27004.2002
MinimumVisualStudioVersion = 10.0.40219.1
Project("{FAE04EC0-301F-11D3-BF4B-00C04F79EFBC}") = "PointRuler", "PointRuler\PointRuler.csproj", "{928DE985-CD50-4A14-88E4-D9D1DBF1F36D}"
EndProject
Project("{FAE04EC0-301F-11D3-BF4B-00C04F79EFBC}") = "AllycsPointRuler", "AllycsPointRuler\AllycsPointRuler.csproj", "{6E17C9F6-7E8F-42A1-A69E-442D387B7ADD}"
EndProject
Global
	GlobalSection(SolutionConfigurationPlatforms) = preSolution
		Debug|Any CPU = Debug|Any CPU
		Release|Any CPU = Release|Any CPU
	EndGlobalSection
	GlobalSection(ProjectConfigurationPlatforms) = postSolution
		{928DE985-CD50-4A14-88E4-D9D1DBF1F36D}.Debug|Any CPU.ActiveCfg = Debug|Any CPU
		{928DE985-CD50-4A14-88E4-D9D1DBF1F36D}.Debug|Any CPU.Build.0 = Debug|Any CPU
		{928DE985-CD50-4A14-88E4-D9D1DBF1F36D}.Release|Any CPU.ActiveCfg = Release|Any CPU
		{928DE985-CD50-4A14-88E4-D9D1DBF1F36D}.Release|Any CPU.Build.0 = Release|Any CPU
		{6E17C9F6-7E8F-42A1-A69E-442D387B7ADD}.Debug|Any CPU.ActiveCfg = Debug|Any CPU
		{6E17C9F6-7E8F-42A1-A69E-442D387B7ADD}.Debug|Any CPU.Build.0 = Debug|Any CPU
		{6E17C9F6-7E8F-42A1-A69E-442D387B7ADD}.Release|Any CPU.ActiveCfg = Release|Any CPU
		{6E17C9F6-7E8F-42A1-A69E-442D387B7ADD}.Release|Any CPU.Build.0 = Release|Any CPU
	EndGlobalSection
	GlobalSection(SolutionProperties) = preSolution
		HideSolutionNode = FALSE
	EndGlobalSection
	GlobalSection(ExtensibilityGlobals) = postSolution
		SolutionGuid = {9FB9BF5D-F11B-43F3-B3D8-A1CAC1FEF6C6}
	EndGlobalSection
EndGlobal
